
Microsoft Visual Studio Solution File, Format Version 12.00
# Visual Studio Version 16
VisualStudioVersion = 16.0.28803.156
MinimumVisualStudioVersion = 10.0.40219.1
Project("{FAE04EC0-301F-11D3-BF4B-00C04F79EFBC}") = "VirtualSchool", "VirtualSchool\VirtualSchool.csproj", "{9862A3B8-6538-449D-92B4-1FB7F125948A}"
EndProject
Global
	GlobalSection(SolutionConfigurationPlatforms) = preSolution
		Debug|Any CPU = Debug|Any CPU
		Release|Any CPU = Release|Any CPU
	EndGlobalSection
	GlobalSection(ProjectConfigurationPlatforms) = postSolution
		{9862A3B8-6538-449D-92B4-1FB7F125948A}.Debug|Any CPU.ActiveCfg = Debug|Any CPU
		{9862A3B8-6538-449D-92B4-1FB7F125948A}.Debug|Any CPU.Build.0 = Debug|Any CPU
		{9862A3B8-6538-449D-92B4-1FB7F125948A}.Release|Any CPU.ActiveCfg = Release|Any CPU
		{9862A3B8-6538-449D-92B4-1FB7F125948A}.Release|Any CPU.Build.0 = Release|Any CPU
	EndGlobalSection
	GlobalSection(SolutionProperties) = preSolution
		HideSolutionNode = FALSE
	EndGlobalSection
	GlobalSection(ExtensibilityGlobals) = postSolution
		SolutionGuid = {57C0F8E8-A1F2-4385-A78C-99A0429D9098}
	EndGlobalSection
EndGlobal
